
Microsoft Visual Studio Solution File, Format Version 12.00
# Visual Studio 15
Project("{FAE04EC0-301F-11D3-BF4B-00C04F79EFBC}") = "TestPrism.Android", "TestPrism.Android\TestPrism.Android.csproj", "{07482783-A62F-498C-8748-781FA29A5357}"
EndProject
Project("{FAE04EC0-301F-11D3-BF4B-00C04F79EFBC}") = "TestPrism.iOS", "TestPrism.iOS\TestPrism.iOS.csproj", "{B8DE6157-391E-4F6A-9DB5-57805A63001A}"
EndProject
Project("{FAE04EC0-301F-11D3-BF4B-00C04F79EFBC}") = "TestPrism", "TestPrism\TestPrism.csproj", "{0EA4D286-3BB3-4C73-92E4-D38D30B6EDCC}"
EndProject
Global
	GlobalSection(SolutionConfigurationPlatforms) = preSolution
		Debug|Any CPU = Debug|Any CPU
		Release|Any CPU = Release|Any CPU
		Debug|iPhoneSimulator = Debug|iPhoneSimulator
		Release|iPhoneSimulator = Release|iPhoneSimulator
		Debug|iPhone = Debug|iPhone
		Release|iPhone = Release|iPhone
	EndGlobalSection
	GlobalSection(ProjectConfigurationPlatforms) = postSolution
		{07482783-A62F-498C-8748-781FA29A5357}.Debug|Any CPU.ActiveCfg = Debug|Any CPU
		{07482783-A62F-498C-8748-781FA29A5357}.Debug|Any CPU.Build.0 = Debug|Any CPU
		{07482783-A62F-498C-8748-781FA29A5357}.Release|Any CPU.ActiveCfg = Release|Any CPU
		{07482783-A62F-498C-8748-781FA29A5357}.Release|Any CPU.Build.0 = Release|Any CPU
		{07482783-A62F-498C-8748-781FA29A5357}.Debug|iPhoneSimulator.ActiveCfg = Debug|Any CPU
		{07482783-A62F-498C-8748-781FA29A5357}.Debug|iPhoneSimulator.Build.0 = Debug|Any CPU
		{07482783-A62F-498C-8748-781FA29A5357}.Release|iPhoneSimulator.ActiveCfg = Release|Any CPU
		{07482783-A62F-498C-8748-781FA29A5357}.Release|iPhoneSimulator.Build.0 = Release|Any CPU
		{07482783-A62F-498C-8748-781FA29A5357}.Debug|iPhone.ActiveCfg = Debug|Any CPU
		{07482783-A62F-498C-8748-781FA29A5357}.Debug|iPhone.Build.0 = Debug|Any CPU
		{07482783-A62F-498C-8748-781FA29A5357}.Release|iPhone.ActiveCfg = Release|Any CPU
		{07482783-A62F-498C-8748-781FA29A5357}.Release|iPhone.Build.0 = Release|Any CPU
		{B8DE6157-391E-4F6A-9DB5-57805A63001A}.Debug|Any CPU.ActiveCfg = Debug|iPhoneSimulator
		{B8DE6157-391E-4F6A-9DB5-57805A63001A}.Debug|Any CPU.Build.0 = Debug|iPhoneSimulator
		{B8DE6157-391E-4F6A-9DB5-57805A63001A}.Release|Any CPU.ActiveCfg = Release|iPhoneSimulator
		{B8DE6157-391E-4F6A-9DB5-57805A63001A}.Release|Any CPU.Build.0 = Release|iPhoneSimulator
		{B8DE6157-391E-4F6A-9DB5-57805A63001A}.Debug|iPhoneSimulator.ActiveCfg = Debug|iPhoneSimulator
		{B8DE6157-391E-4F6A-9DB5-57805A63001A}.Debug|iPhoneSimulator.Build.0 = Debug|iPhoneSimulator
		{B8DE6157-391E-4F6A-9DB5-57805A63001A}.Release|iPhoneSimulator.ActiveCfg = Release|iPhoneSimulator
		{B8DE6157-391E-4F6A-9DB5-57805A63001A}.Release|iPhoneSimulator.Build.0 = Release|iPhoneSimulator
		{B8DE6157-391E-4F6A-9DB5-57805A63001A}.Debug|iPhone.ActiveCfg = Debug|iPhone
		{B8DE6157-391E-4F6A-9DB5-57805A63001A}.Debug|iPhone.Build.0 = Debug|iPhone
		{B8DE6157-391E-4F6A-9DB5-57805A63001A}.Release|iPhone.ActiveCfg = Release|iPhone
		{B8DE6157-391E-4F6A-9DB5-57805A63001A}.Release|iPhone.Build.0 = Release|iPhone
		{0EA4D286-3BB3-4C73-92E4-D38D30B6EDCC}.Debug|Any CPU.ActiveCfg = Debug|Any CPU
		{0EA4D286-3BB3-4C73-92E4-D38D30B6EDCC}.Debug|Any CPU.Build.0 = Debug|Any CPU
		{0EA4D286-3BB3-4C73-92E4-D38D30B6EDCC}.Release|Any CPU.ActiveCfg = Release|Any CPU
		{0EA4D286-3BB3-4C73-92E4-D38D30B6EDCC}.Release|Any CPU.Build.0 = Release|Any CPU
		{0EA4D286-3BB3-4C73-92E4-D38D30B6EDCC}.Debug|iPhoneSimulator.ActiveCfg = Debug|Any CPU
		{0EA4D286-3BB3-4C73-92E4-D38D30B6EDCC}.Debug|iPhoneSimulator.Build.0 = Debug|Any CPU
		{0EA4D286-3BB3-4C73-92E4-D38D30B6EDCC}.Release|iPhoneSimulator.ActiveCfg = Release|Any CPU
		{0EA4D286-3BB3-4C73-92E4-D38D30B6EDCC}.Release|iPhoneSimulator.Build.0 = Release|Any CPU
		{0EA4D286-3BB3-4C73-92E4-D38D30B6EDCC}.Debug|iPhone.ActiveCfg = Debug|Any CPU
		{0EA4D286-3BB3-4C73-92E4-D38D30B6EDCC}.Debug|iPhone.Build.0 = Debug|Any CPU
		{0EA4D286-3BB3-4C73-92E4-D38D30B6EDCC}.Release|iPhone.ActiveCfg = Release|Any CPU
		{0EA4D286-3BB3-4C73-92E4-D38D30B6EDCC}.Release|iPhone.Build.0 = Release|Any CPU
	EndGlobalSection
EndGlobal
