
Microsoft Visual Studio Solution File, Format Version 12.00
# Visual Studio 15
Project("{FAE04EC0-301F-11D3-BF4B-00C04F79EFBC}") = "TestButtons.Android", "TestButtons.Android\TestButtons.Android.csproj", "{83F33329-01DD-4565-8621-A09FBF53C13C}"
EndProject
Project("{FAE04EC0-301F-11D3-BF4B-00C04F79EFBC}") = "TestButtons.iOS", "TestButtons.iOS\TestButtons.iOS.csproj", "{A056B036-7133-4476-9E55-E77973C31992}"
EndProject
Project("{FAE04EC0-301F-11D3-BF4B-00C04F79EFBC}") = "TestButtons", "TestButtons\TestButtons.csproj", "{B237E85F-E806-47DC-A139-9D4726781F26}"
EndProject
Global
	GlobalSection(SolutionConfigurationPlatforms) = preSolution
		Debug|Any CPU = Debug|Any CPU
		Release|Any CPU = Release|Any CPU
		Debug|iPhoneSimulator = Debug|iPhoneSimulator
		Release|iPhoneSimulator = Release|iPhoneSimulator
		Debug|iPhone = Debug|iPhone
		Release|iPhone = Release|iPhone
	EndGlobalSection
	GlobalSection(ProjectConfigurationPlatforms) = postSolution
		{83F33329-01DD-4565-8621-A09FBF53C13C}.Debug|Any CPU.ActiveCfg = Debug|Any CPU
		{83F33329-01DD-4565-8621-A09FBF53C13C}.Debug|Any CPU.Build.0 = Debug|Any CPU
		{83F33329-01DD-4565-8621-A09FBF53C13C}.Release|Any CPU.ActiveCfg = Release|Any CPU
		{83F33329-01DD-4565-8621-A09FBF53C13C}.Release|Any CPU.Build.0 = Release|Any CPU
		{83F33329-01DD-4565-8621-A09FBF53C13C}.Debug|iPhoneSimulator.ActiveCfg = Debug|Any CPU
		{83F33329-01DD-4565-8621-A09FBF53C13C}.Debug|iPhoneSimulator.Build.0 = Debug|Any CPU
		{83F33329-01DD-4565-8621-A09FBF53C13C}.Release|iPhoneSimulator.ActiveCfg = Release|Any CPU
		{83F33329-01DD-4565-8621-A09FBF53C13C}.Release|iPhoneSimulator.Build.0 = Release|Any CPU
		{83F33329-01DD-4565-8621-A09FBF53C13C}.Debug|iPhone.ActiveCfg = Debug|Any CPU
		{83F33329-01DD-4565-8621-A09FBF53C13C}.Debug|iPhone.Build.0 = Debug|Any CPU
		{83F33329-01DD-4565-8621-A09FBF53C13C}.Release|iPhone.ActiveCfg = Release|Any CPU
		{83F33329-01DD-4565-8621-A09FBF53C13C}.Release|iPhone.Build.0 = Release|Any CPU
		{A056B036-7133-4476-9E55-E77973C31992}.Debug|Any CPU.ActiveCfg = Debug|iPhoneSimulator
		{A056B036-7133-4476-9E55-E77973C31992}.Debug|Any CPU.Build.0 = Debug|iPhoneSimulator
		{A056B036-7133-4476-9E55-E77973C31992}.Release|Any CPU.ActiveCfg = Release|iPhoneSimulator
		{A056B036-7133-4476-9E55-E77973C31992}.Release|Any CPU.Build.0 = Release|iPhoneSimulator
		{A056B036-7133-4476-9E55-E77973C31992}.Debug|iPhoneSimulator.ActiveCfg = Debug|iPhoneSimulator
		{A056B036-7133-4476-9E55-E77973C31992}.Debug|iPhoneSimulator.Build.0 = Debug|iPhoneSimulator
		{A056B036-7133-4476-9E55-E77973C31992}.Release|iPhoneSimulator.ActiveCfg = Release|iPhoneSimulator
		{A056B036-7133-4476-9E55-E77973C31992}.Release|iPhoneSimulator.Build.0 = Release|iPhoneSimulator
		{A056B036-7133-4476-9E55-E77973C31992}.Debug|iPhone.ActiveCfg = Debug|iPhone
		{A056B036-7133-4476-9E55-E77973C31992}.Debug|iPhone.Build.0 = Debug|iPhone
		{A056B036-7133-4476-9E55-E77973C31992}.Release|iPhone.ActiveCfg = Release|iPhone
		{A056B036-7133-4476-9E55-E77973C31992}.Release|iPhone.Build.0 = Release|iPhone
		{B237E85F-E806-47DC-A139-9D4726781F26}.Debug|Any CPU.ActiveCfg = Debug|Any CPU
		{B237E85F-E806-47DC-A139-9D4726781F26}.Debug|Any CPU.Build.0 = Debug|Any CPU
		{B237E85F-E806-47DC-A139-9D4726781F26}.Release|Any CPU.ActiveCfg = Release|Any CPU
		{B237E85F-E806-47DC-A139-9D4726781F26}.Release|Any CPU.Build.0 = Release|Any CPU
		{B237E85F-E806-47DC-A139-9D4726781F26}.Debug|iPhoneSimulator.ActiveCfg = Debug|Any CPU
		{B237E85F-E806-47DC-A139-9D4726781F26}.Debug|iPhoneSimulator.Build.0 = Debug|Any CPU
		{B237E85F-E806-47DC-A139-9D4726781F26}.Release|iPhoneSimulator.ActiveCfg = Release|Any CPU
		{B237E85F-E806-47DC-A139-9D4726781F26}.Release|iPhoneSimulator.Build.0 = Release|Any CPU
		{B237E85F-E806-47DC-A139-9D4726781F26}.Debug|iPhone.ActiveCfg = Debug|Any CPU
		{B237E85F-E806-47DC-A139-9D4726781F26}.Debug|iPhone.Build.0 = Debug|Any CPU
		{B237E85F-E806-47DC-A139-9D4726781F26}.Release|iPhone.ActiveCfg = Release|Any CPU
		{B237E85F-E806-47DC-A139-9D4726781F26}.Release|iPhone.Build.0 = Release|Any CPU
	EndGlobalSection
EndGlobal
